// !$*UTF8*$!
{
	archiveVersion = 1;
	classes = {
	};
	objectVersion = 50;
	objects = {

/* Begin PBXBuildFile section */
		DCC507702590DBA00048B951 /* AppDelegate.swift in Sources */ = {isa = PBXBuildFile; fileRef = DCC5076F2590DBA00048B951 /* AppDelegate.swift */; };
		DCC507722590DBA00048B951 /* SceneDelegate.swift in Sources */ = {isa = PBXBuildFile; fileRef = DCC507712590DBA00048B951 /* SceneDelegate.swift */; };
		DCC507742590DBA00048B951 /* ViewController.swift in Sources */ = {isa = PBXBuildFile; fileRef = DCC507732590DBA00048B951 /* ViewController.swift */; };
		DCC507772590DBA00048B951 /* Main.storyboard in Resources */ = {isa = PBXBuildFile; fileRef = DCC507752590DBA00048B951 /* Main.storyboard */; };
		DCC507792590DBA20048B951 /* Assets.xcassets in Resources */ = {isa = PBXBuildFile; fileRef = DCC507782590DBA20048B951 /* Assets.xcassets */; };
		DCC5077C2590DBA20048B951 /* LaunchScreen.storyboard in Resources */ = {isa = PBXBuildFile; fileRef = DCC5077A2590DBA20048B951 /* LaunchScreen.storyboard */; };
		DCC507872590DBA20048B951 /* GitReposTests.swift in Sources */ = {isa = PBXBuildFile; fileRef = DCC507862590DBA20048B951 /* GitReposTests.swift */; };
/* End PBXBuildFile section */

/* Begin PBXContainerItemProxy section */
		DCC507832590DBA20048B951 /* PBXContainerItemProxy */ = {
			isa = PBXContainerItemProxy;
			containerPortal = DCC507642590DBA00048B951 /* Project object */;
			proxyType = 1;
			remoteGlobalIDString = DCC5076B2590DBA00048B951;
			remoteInfo = GitRepos;
		};
/* End PBXContainerItemProxy section */

/* Begin PBXFileReference section */
		DCC5076C2590DBA00048B951 /* GitRepos.app */ = {isa = PBXFileReference; explicitFileType = wrapper.application; includeInIndex = 0; path = GitRepos.app; sourceTree = BUILT_PRODUCTS_DIR; };
		DCC5076F2590DBA00048B951 /* AppDelegate.swift */ = {isa = PBXFileReference; lastKnownFileType = sourcecode.swift; path = AppDelegate.swift; sourceTree = "<group>"; };
		DCC507712590DBA00048B951 /* SceneDelegate.swift */ = {isa = PBXFileReference; lastKnownFileType = sourcecode.swift; path = SceneDelegate.swift; sourceTree = "<group>"; };
		DCC507732590DBA00048B951 /* ViewController.swift */ = {isa = PBXFileReference; lastKnownFileType = sourcecode.swift; path = ViewController.swift; sourceTree = "<group>"; };
		DCC507762590DBA00048B951 /* Base */ = {isa = PBXFileReference; lastKnownFileType = file.storyboard; name = Base; path = Base.lproj/Main.storyboard; sourceTree = "<group>"; };
		DCC507782590DBA20048B951 /* Assets.xcassets */ = {isa = PBXFileReference; lastKnownFileType = folder.assetcatalog; path = Assets.xcassets; sourceTree = "<group>"; };
		DCC5077B2590DBA20048B951 /* Base */ = {isa = PBXFileReference; lastKnownFileType = file.storyboard; name = Base; path = Base.lproj/LaunchScreen.storyboard; sourceTree = "<group>"; };
		DCC5077D2590DBA20048B951 /* Info.plist */ = {isa = PBXFileReference; lastKnownFileType = text.plist.xml; path = Info.plist; sourceTree = "<group>"; };
		DCC507822590DBA20048B951 /* GitReposTests.xctest */ = {isa = PBXFileReference; explicitFileType = wrapper.cfbundle; includeInIndex = 0; path = GitReposTests.xctest; sourceTree = BUILT_PRODUCTS_DIR; };
		DCC507862590DBA20048B951 /* GitReposTests.swift */ = {isa = PBXFileReference; lastKnownFileType = sourcecode.swift; path = GitReposTests.swift; sourceTree = "<group>"; };
		DCC507882590DBA20048B951 /* Info.plist */ = {isa = PBXFileReference; lastKnownFileType = text.plist.xml; path = Info.plist; sourceTree = "<group>"; };
/* End PBXFileReference section */

/* Begin PBXFrameworksBuildPhase section */
		DCC507692590DBA00048B951 /* Frameworks */ = {
			isa = PBXFrameworksBuildPhase;
			buildActionMask = 2147483647;
			files = (
			);
			runOnlyForDeploymentPostprocessing = 0;
		};
		DCC5077F2590DBA20048B951 /* Frameworks */ = {
			isa = PBXFrameworksBuildPhase;
			buildActionMask = 2147483647;
			files = (
			);
			runOnlyForDeploymentPostprocessing = 0;
		};
/* End PBXFrameworksBuildPhase section */

/* Begin PBXGroup section */
		DCC507632590DBA00048B951 = {
			isa = PBXGroup;
			children = (
				DCC5076E2590DBA00048B951 /* GitRepos */,
				DCC507852590DBA20048B951 /* GitReposTests */,
				DCC5076D2590DBA00048B951 /* Products */,
			);
			sourceTree = "<group>";
		};
		DCC5076D2590DBA00048B951 /* Products */ = {
			isa = PBXGroup;
			children = (
				DCC5076C2590DBA00048B951 /* GitRepos.app */,
				DCC507822590DBA20048B951 /* GitReposTests.xctest */,
			);
			name = Products;
			sourceTree = "<group>";
		};
		DCC5076E2590DBA00048B951 /* GitRepos */ = {
			isa = PBXGroup;
			children = (
				DCC5076F2590DBA00048B951 /* AppDelegate.swift */,
				DCC507712590DBA00048B951 /* SceneDelegate.swift */,
				DCC507732590DBA00048B951 /* ViewController.swift */,
				DCC507752590DBA00048B951 /* Main.storyboard */,
				DCC507782590DBA20048B951 /* Assets.xcassets */,
				DCC5077A2590DBA20048B951 /* LaunchScreen.storyboard */,
				DCC5077D2590DBA20048B951 /* Info.plist */,
			);
			path = GitRepos;
			sourceTree = "<group>";
		};
		DCC507852590DBA20048B951 /* GitReposTests */ = {
			isa = PBXGroup;
			children = (
				DCC507862590DBA20048B951 /* GitReposTests.swift */,
				DCC507882590DBA20048B951 /* Info.plist */,
			);
			path = GitReposTests;
			sourceTree = "<group>";
		};
/* End PBXGroup section */

/* Begin PBXNativeTarget section */
		DCC5076B2590DBA00048B951 /* GitRepos */ = {
			isa = PBXNativeTarget;
			buildConfigurationList = DCC5078B2590DBA20048B951 /* Build configuration list for PBXNativeTarget "GitRepos" */;
			buildPhases = (
				DCC507682590DBA00048B951 /* Sources */,
				DCC507692590DBA00048B951 /* Frameworks */,
				DCC5076A2590DBA00048B951 /* Resources */,
			);
			buildRules = (
			);
			dependencies = (
			);
			name = GitRepos;
			productName = GitRepos;
			productReference = DCC5076C2590DBA00048B951 /* GitRepos.app */;
			productType = "com.apple.product-type.application";
		};
		DCC507812590DBA20048B951 /* GitReposTests */ = {
			isa = PBXNativeTarget;
			buildConfigurationList = DCC5078E2590DBA20048B951 /* Build configuration list for PBXNativeTarget "GitReposTests" */;
			buildPhases = (
				DCC5077E2590DBA20048B951 /* Sources */,
				DCC5077F2590DBA20048B951 /* Frameworks */,
				DCC507802590DBA20048B951 /* Resources */,
			);
			buildRules = (
			);
			dependencies = (
				DCC507842590DBA20048B951 /* PBXTargetDependency */,
			);
			name = GitReposTests;
			productName = GitReposTests;
			productReference = DCC507822590DBA20048B951 /* GitReposTests.xctest */;
			productType = "com.apple.product-type.bundle.unit-test";
		};
/* End PBXNativeTarget section */

/* Begin PBXProject section */
		DCC507642590DBA00048B951 /* Project object */ = {
			isa = PBXProject;
			attributes = {
				LastSwiftUpdateCheck = 1130;
				LastUpgradeCheck = 1130;
				ORGANIZATIONNAME = "Filip Krzyzanowski";
				TargetAttributes = {
					DCC5076B2590DBA00048B951 = {
						CreatedOnToolsVersion = 11.3;
					};
					DCC507812590DBA20048B951 = {
						CreatedOnToolsVersion = 11.3;
						TestTargetID = DCC5076B2590DBA00048B951;
					};
				};
			};
			buildConfigurationList = DCC507672590DBA00048B951 /* Build configuration list for PBXProject "GitRepos" */;
			compatibilityVersion = "Xcode 9.3";
			developmentRegion = en;
			hasScannedForEncodings = 0;
			knownRegions = (
				en,
				Base,
			);
			mainGroup = DCC507632590DBA00048B951;
			productRefGroup = DCC5076D2590DBA00048B951 /* Products */;
			projectDirPath = "";
			projectRoot = "";
			targets = (
				DCC5076B2590DBA00048B951 /* GitRepos */,
				DCC507812590DBA20048B951 /* GitReposTests */,
			);
		};
/* End PBXProject section */

/* Begin PBXResourcesBuildPhase section */
		DCC5076A2590DBA00048B951 /* Resources */ = {
			isa = PBXResourcesBuildPhase;
			buildActionMask = 2147483647;
			files = (
				DCC5077C2590DBA20048B951 /* LaunchScreen.storyboard in Resources */,
				DCC507792590DBA20048B951 /* Assets.xcassets in Resources */,
				DCC507772590DBA00048B951 /* Main.storyboard in Resources */,
			);
			runOnlyForDeploymentPostprocessing = 0;
		};
		DCC507802590DBA20048B951 /* Resources */ = {
			isa = PBXResourcesBuildPhase;
			buildActionMask = 2147483647;
			files = (
			);
			runOnlyForDeploymentPostprocessing = 0;
		};
/* End PBXResourcesBuildPhase section */

/* Begin PBXSourcesBuildPhase section */
		DCC507682590DBA00048B951 /* Sources */ = {
			isa = PBXSourcesBuildPhase;
			buildActionMask = 2147483647;
			files = (
				DCC507742590DBA00048B951 /* ViewController.swift in Sources */,
				DCC507702590DBA00048B951 /* AppDelegate.swift in Sources */,
				DCC507722590DBA00048B951 /* SceneDelegate.swift in Sources */,
			);
			runOnlyForDeploymentPostprocessing = 0;
		};
		DCC5077E2590DBA20048B951 /* Sources */ = {
			isa = PBXSourcesBuildPhase;
			buildActionMask = 2147483647;
			files = (
				DCC507872590DBA20048B951 /* GitReposTests.swift in Sources */,
			);
			runOnlyForDeploymentPostprocessing = 0;
		};
/* End PBXSourcesBuildPhase section */

/* Begin PBXTargetDependency section */
		DCC507842590DBA20048B951 /* PBXTargetDependency */ = {
			isa = PBXTargetDependency;
			target = DCC5076B2590DBA00048B951 /* GitRepos */;
			targetProxy = DCC507832590DBA20048B951 /* PBXContainerItemProxy */;
		};
/* End PBXTargetDependency section */

/* Begin PBXVariantGroup section */
		DCC507752590DBA00048B951 /* Main.storyboard */ = {
			isa = PBXVariantGroup;
			children = (
				DCC507762590DBA00048B951 /* Base */,
			);
			name = Main.storyboard;
			sourceTree = "<group>";
		};
		DCC5077A2590DBA20048B951 /* LaunchScreen.storyboard */ = {
			isa = PBXVariantGroup;
			children = (
				DCC5077B2590DBA20048B951 /* Base */,
			);
			name = LaunchScreen.storyboard;
			sourceTree = "<group>";
		};
/* End PBXVariantGroup section */

/* Begin XCBuildConfiguration section */
		DCC507892590DBA20048B951 /* Debug */ = {
			isa = XCBuildConfiguration;
			buildSettings = {
				ALWAYS_SEARCH_USER_PATHS = NO;
				CLANG_ANALYZER_NONNULL = YES;
				CLANG_ANALYZER_NUMBER_OBJECT_CONVERSION = YES_AGGRESSIVE;
				CLANG_CXX_LANGUAGE_STANDARD = "gnu++14";
				CLANG_CXX_LIBRARY = "libc++";
				CLANG_ENABLE_MODULES = YES;
				CLANG_ENABLE_OBJC_ARC = YES;
				CLANG_ENABLE_OBJC_WEAK = YES;
				CLANG_WARN_BLOCK_CAPTURE_AUTORELEASING = YES;
				CLANG_WARN_BOOL_CONVERSION = YES;
				CLANG_WARN_COMMA = YES;
				CLANG_WARN_CONSTANT_CONVERSION = YES;
				CLANG_WARN_DEPRECATED_OBJC_IMPLEMENTATIONS = YES;
				CLANG_WARN_DIRECT_OBJC_ISA_USAGE = YES_ERROR;
				CLANG_WARN_DOCUMENTATION_COMMENTS = YES;
				CLANG_WARN_EMPTY_BODY = YES;
				CLANG_WARN_ENUM_CONVERSION = YES;
				CLANG_WARN_INFINITE_RECURSION = YES;
				CLANG_WARN_INT_CONVERSION = YES;
				CLANG_WARN_NON_LITERAL_NULL_CONVERSION = YES;
				CLANG_WARN_OBJC_IMPLICIT_RETAIN_SELF = YES;
				CLANG_WARN_OBJC_LITERAL_CONVERSION = YES;
				CLANG_WARN_OBJC_ROOT_CLASS = YES_ERROR;
				CLANG_WARN_RANGE_LOOP_ANALYSIS = YES;
				CLANG_WARN_STRICT_PROTOTYPES = YES;
				CLANG_WARN_SUSPICIOUS_MOVE = YES;
				CLANG_WARN_UNGUARDED_AVAILABILITY = YES_AGGRESSIVE;
				CLANG_WARN_UNREACHABLE_CODE = YES;
				CLANG_WARN__DUPLICATE_METHOD_MATCH = YES;
				COPY_PHASE_STRIP = NO;
				DEBUG_INFORMATION_FORMAT = dwarf;
				ENABLE_STRICT_OBJC_MSGSEND = YES;
				ENABLE_TESTABILITY = YES;
				GCC_C_LANGUAGE_STANDARD = gnu11;
				GCC_DYNAMIC_NO_PIC = NO;
				GCC_NO_COMMON_BLOCKS = YES;
				GCC_OPTIMIZATION_LEVEL = 0;
				GCC_PREPROCESSOR_DEFINITIONS = (
					"DEBUG=1",
					"$(inherited)",
				);
				GCC_WARN_64_TO_32_BIT_CONVERSION = YES;
				GCC_WARN_ABOUT_RETURN_TYPE = YES_ERROR;
				GCC_WARN_UNDECLARED_SELECTOR = YES;
				GCC_WARN_UNINITIALIZED_AUTOS = YES_AGGRESSIVE;
				GCC_WARN_UNUSED_FUNCTION = YES;
				GCC_WARN_UNUSED_VARIABLE = YES;
				IPHONEOS_DEPLOYMENT_TARGET = 13.2;
				MTL_ENABLE_DEBUG_INFO = INCLUDE_SOURCE;
				MTL_FAST_MATH = YES;
				ONLY_ACTIVE_ARCH = YES;
				SDKROOT = iphoneos;
				SWIFT_ACTIVE_COMPILATION_CONDITIONS = DEBUG;
				SWIFT_OPTIMIZATION_LEVEL = "-Onone";
			};
			name = Debug;
		};
		DCC5078A2590DBA20048B951 /* Release */ = {
			isa = XCBuildConfiguration;
			buildSettings = {
				ALWAYS_SEARCH_USER_PATHS = NO;
				CLANG_ANALYZER_NONNULL = YES;
				CLANG_ANALYZER_NUMBER_OBJECT_CONVERSION = YES_AGGRESSIVE;
				CLANG_CXX_LANGUAGE_STANDARD = "gnu++14";
				CLANG_CXX_LIBRARY = "libc++";
				CLANG_ENABLE_MODULES = YES;
				CLANG_ENABLE_OBJC_ARC = YES;
				CLANG_ENABLE_OBJC_WEAK = YES;
				CLANG_WARN_BLOCK_CAPTURE_AUTORELEASING = YES;
				CLANG_WARN_BOOL_CONVERSION = YES;
				CLANG_WARN_COMMA = YES;
				CLANG_WARN_CONSTANT_CONVERSION = YES;
				CLANG_WARN_DEPRECATED_OBJC_IMPLEMENTATIONS = YES;
				CLANG_WARN_DIRECT_OBJC_ISA_USAGE = YES_ERROR;
				CLANG_WARN_DOCUMENTATION_COMMENTS = YES;
				CLANG_WARN_EMPTY_BODY = YES;
				CLANG_WARN_ENUM_CONVERSION = YES;
				CLANG_WARN_INFINITE_RECURSION = YES;
				CLANG_WARN_INT_CONVERSION = YES;
				CLANG_WARN_NON_LITERAL_NULL_CONVERSION = YES;
				CLANG_WARN_OBJC_IMPLICIT_RETAIN_SELF = YES;
				CLANG_WARN_OBJC_LITERAL_CONVERSION = YES;
				CLANG_WARN_OBJC_ROOT_CLASS = YES_ERROR;
				CLANG_WARN_RANGE_LOOP_ANALYSIS = YES;
				CLANG_WARN_STRICT_PROTOTYPES = YES;
				CLANG_WARN_SUSPICIOUS_MOVE = YES;
				CLANG_WARN_UNGUARDED_AVAILABILITY = YES_AGGRESSIVE;
				CLANG_WARN_UNREACHABLE_CODE = YES;
				CLANG_WARN__DUPLICATE_METHOD_MATCH = YES;
				COPY_PHASE_STRIP = NO;
				DEBUG_INFORMATION_FORMAT = "dwarf-with-dsym";
				ENABLE_NS_ASSERTIONS = NO;
				ENABLE_STRICT_OBJC_MSGSEND = YES;
				GCC_C_LANGUAGE_STANDARD = gnu11;
				GCC_NO_COMMON_BLOCKS = YES;
				GCC_WARN_64_TO_32_BIT_CONVERSION = YES;
				GCC_WARN_ABOUT_RETURN_TYPE = YES_ERROR;
				GCC_WARN_UNDECLARED_SELECTOR = YES;
				GCC_WARN_UNINITIALIZED_AUTOS = YES_AGGRESSIVE;
				GCC_WARN_UNUSED_FUNCTION = YES;
				GCC_WARN_UNUSED_VARIABLE = YES;
				IPHONEOS_DEPLOYMENT_TARGET = 13.2;
				MTL_ENABLE_DEBUG_INFO = NO;
				MTL_FAST_MATH = YES;
				SDKROOT = iphoneos;
				SWIFT_COMPILATION_MODE = wholemodule;
				SWIFT_OPTIMIZATION_LEVEL = "-O";
				VALIDATE_PRODUCT = YES;
			};
			name = Release;
		};
		DCC5078C2590DBA20048B951 /* Debug */ = {
			isa = XCBuildConfiguration;
			buildSettings = {
				ASSETCATALOG_COMPILER_APPICON_NAME = AppIcon;
				CODE_SIGN_STYLE = Automatic;
				DEVELOPMENT_TEAM = 3378LL69RZ;
				INFOPLIST_FILE = GitRepos/Info.plist;
				LD_RUNPATH_SEARCH_PATHS = (
					"$(inherited)",
					"@executable_path/Frameworks",
				);
				PRODUCT_BUNDLE_IDENTIFIER = com.filipkrzyzanowski.GitRepos;
				PRODUCT_NAME = "$(TARGET_NAME)";
				SWIFT_VERSION = 5.0;
				TARGETED_DEVICE_FAMILY = "1,2";
			};
			name = Debug;
		};
		DCC5078D2590DBA20048B951 /* Release */ = {
			isa = XCBuildConfiguration;
			buildSettings = {
				ASSETCATALOG_COMPILER_APPICON_NAME = AppIcon;
				CODE_SIGN_STYLE = Automatic;
				DEVELOPMENT_TEAM = 3378LL69RZ;
				INFOPLIST_FILE = GitRepos/Info.plist;
				LD_RUNPATH_SEARCH_PATHS = (
					"$(inherited)",
					"@executable_path/Frameworks",
				);
				PRODUCT_BUNDLE_IDENTIFIER = com.filipkrzyzanowski.GitRepos;
				PRODUCT_NAME = "$(TARGET_NAME)";
				SWIFT_VERSION = 5.0;
				TARGETED_DEVICE_FAMILY = "1,2";
			};
			name = Release;
		};
		DCC5078F2590DBA20048B951 /* Debug */ = {
			isa = XCBuildConfiguration;
			buildSettings = {
				ALWAYS_EMBED_SWIFT_STANDARD_LIBRARIES = YES;
				BUNDLE_LOADER = "$(TEST_HOST)";
				CODE_SIGN_STYLE = Automatic;
				DEVELOPMENT_TEAM = 3378LL69RZ;
				INFOPLIST_FILE = GitReposTests/Info.plist;
				IPHONEOS_DEPLOYMENT_TARGET = 13.2;
				LD_RUNPATH_SEARCH_PATHS = (
					"$(inherited)",
					"@executable_path/Frameworks",
					"@loader_path/Frameworks",
				);
				PRODUCT_BUNDLE_IDENTIFIER = com.filipkrzyzanowski.GitReposTests;
				PRODUCT_NAME = "$(TARGET_NAME)";
				SWIFT_VERSION = 5.0;
				TARGETED_DEVICE_FAMILY = "1,2";
				TEST_HOST = "$(BUILT_PRODUCTS_DIR)/GitRepos.app/GitRepos";
			};
			name = Debug;
		};
		DCC507902590DBA20048B951 /* Release */ = {
			isa = XCBuildConfiguration;
			buildSettings = {
				ALWAYS_EMBED_SWIFT_STANDARD_LIBRARIES = YES;
				BUNDLE_LOADER = "$(TEST_HOST)";
				CODE_SIGN_STYLE = Automatic;
				DEVELOPMENT_TEAM = 3378LL69RZ;
				INFOPLIST_FILE = GitReposTests/Info.plist;
				IPHONEOS_DEPLOYMENT_TARGET = 13.2;
				LD_RUNPATH_SEARCH_PATHS = (
					"$(inherited)",
					"@executable_path/Frameworks",
					"@loader_path/Frameworks",
				);
				PRODUCT_BUNDLE_IDENTIFIER = com.filipkrzyzanowski.GitReposTests;
				PRODUCT_NAME = "$(TARGET_NAME)";
				SWIFT_VERSION = 5.0;
				TARGETED_DEVICE_FAMILY = "1,2";
				TEST_HOST = "$(BUILT_PRODUCTS_DIR)/GitRepos.app/GitRepos";
			};
			name = Release;
		};
/* End XCBuildConfiguration section */

/* Begin XCConfigurationList section */
		DCC507672590DBA00048B951 /* Build configuration list for PBXProject "GitRepos" */ = {
			isa = XCConfigurationList;
			buildConfigurations = (
				DCC507892590DBA20048B951 /* Debug */,
				DCC5078A2590DBA20048B951 /* Release */,
			);
			defaultConfigurationIsVisible = 0;
			defaultConfigurationName = Release;
		};
		DCC5078B2590DBA20048B951 /* Build configuration list for PBXNativeTarget "GitRepos" */ = {
			isa = XCConfigurationList;
			buildConfigurations = (
				DCC5078C2590DBA20048B951 /* Debug */,
				DCC5078D2590DBA20048B951 /* Release */,
			);
			defaultConfigurationIsVisible = 0;
			defaultConfigurationName = Release;
		};
		DCC5078E2590DBA20048B951 /* Build configuration list for PBXNativeTarget "GitReposTests" */ = {
			isa = XCConfigurationList;
			buildConfigurations = (
				DCC5078F2590DBA20048B951 /* Debug */,
				DCC507902590DBA20048B951 /* Release */,
			);
			defaultConfigurationIsVisible = 0;
			defaultConfigurationName = Release;
		};
/* End XCConfigurationList section */
	};
	rootObject = DCC507642590DBA00048B951 /* Project object */;
}
